{
  "dependencies": [
    {
      "commit": "fb424b88acc5eef5d7e9bf1ff31f8e7297dec216",
      "hash": "193705bd508c8792c55f03170291efa658027b9df09ab29f46ed71f5de3414d4",
      "id": "softadastra/sync",
      "repo": "https://github.com/softadastra/sync",
      "tag": "v0.3.0",
      "version": "0.3.0"
    },
    {
      "commit": "15dff4d156421b4f582fe825ab5a576f523af7db",
      "hash": "02dee345e97415a70a213240c05aa81e79c323f56a8deacffce49cbd97715def",
      "id": "softadastra/store",
      "repo": "https://github.com/softadastra/store",
      "tag": "v0.8.0",
      "version": "0.8.0"
    },
    {
      "commit": "c5a0989814d1b66769dd008a609bc4461d1f6a0e",
      "hash": "2ee18ea18ba017a29c42aba18f436c95244f480ad85392827efc2123bd6cca6a",
      "id": "softadastra/wal",
      "repo": "https://github.com/softadastra/wal",
      "tag": "v0.9.0",
      "version": "0.9.0"
    },
    {
      "commit": "0ecba73f32a1710b55cd6d31a846af6866299090",
      "hash": "3ce04294f19ae36803cd7d1ae2f4434b252018645279e622d02a38ce08bf3117",
      "id": "softadastra/fs",
      "repo": "https://github.com/softadastra/fs",
      "tag": "v1.9.0",
      "version": "1.9.0"
    },
    {
      "commit": "1a79ee04c36be66d9bfd0dd614554305816cf545",
      "hash": "bc574c1d7b4e2bb391b2a024fcc7d7db8116b75eb79657d7137659b733da4d6e",
      "id": "softadastra/core",
      "repo": "https://github.com/softadastra/core",
      "tag": "v1.5.0",
      "version": "1.5.0"
    }
  ],
  "lockVersion": 1
}
