{
  "dependencies": [
    {
      "commit": "2718ab3911fa0970887056cc35837508f63db10a",
      "hash": "14a224a38472c3c040f2b076c3b865fa222704e3a059e0735ab515f896149b9d",
      "id": "softadastra/core",
      "repo": "https://github.com/softadastra/core",
      "requested": "1.7.0",
      "tag": "v1.7.0",
      "version": "1.7.0"
    },
    {
      "commit": "e1077a59290cfb334a45d43aafdd0e17b82a08e9",
      "hash": "adac9132d398e7dcec15a75504f2167ebfc0071f14b9e850db3f8015c03bc86a",
      "id": "softadastra/fs",
      "repo": "https://github.com/softadastra/fs",
      "requested": "1.11.1",
      "tag": "v1.11.1",
      "version": "1.11.1"
    },
    {
      "commit": "6637e5e98025625f8e4b00eb625d0f3d7f414049",
      "hash": "1495b86c83b13480e36be5c9cf46a43b29b4d38b463fb5aaab7a7253b8fa0f1a",
      "id": "softadastra/store",
      "repo": "https://github.com/softadastra/store",
      "requested": "0.11.0",
      "tag": "v0.11.0",
      "version": "0.11.0"
    },
    {
      "commit": "4611b0e754ef9b18b79bee119793e134a58cdcc3",
      "hash": "c757c32a1c8438bfcba2892d3de54f46d9f6cf3ad0a8044e9b6d3cf1b4c40545",
      "id": "softadastra/sync",
      "repo": "https://github.com/softadastra/sync",
      "requested": "0.6.0",
      "tag": "v0.6.0",
      "version": "0.6.0"
    },
    {
      "commit": "ccd04afb1235ec7a2638e1029b45f2936978005b",
      "hash": "c7d1feb94bdcd37a8839b9e03ad75348ecce20302beba15ee919788899aa6201",
      "id": "softadastra/wal",
      "repo": "https://github.com/softadastra/wal",
      "requested": "1.11.1",
      "tag": "v1.11.1",
      "version": "1.11.1"
    }
  ],
  "lockVersion": 1
}
